
Microsoft Visual Studio Solution File, Format Version 12.00
# Visual Studio Version 17
VisualStudioVersion = 17.11.35222.181
MinimumVisualStudioVersion = 10.0.40219.1
Project("{FAE04EC0-301F-11D3-BF4B-00C04F79EFBC}") = "Martijn-bakker", "Martijn-bakker\Martijn-bakker.csproj", "{754F332C-4763-41C0-A0CC-8A9E1AE80BF7}"
EndProject
Global
	GlobalSection(SolutionConfigurationPlatforms) = preSolution
		Debug|Any CPU = Debug|Any CPU
		Release|Any CPU = Release|Any CPU
	EndGlobalSection
	GlobalSection(ProjectConfigurationPlatforms) = postSolution
		{754F332C-4763-41C0-A0CC-8A9E1AE80BF7}.Debug|Any CPU.ActiveCfg = Debug|Any CPU
		{754F332C-4763-41C0-A0CC-8A9E1AE80BF7}.Debug|Any CPU.Build.0 = Debug|Any CPU
		{754F332C-4763-41C0-A0CC-8A9E1AE80BF7}.Release|Any CPU.ActiveCfg = Release|Any CPU
		{754F332C-4763-41C0-A0CC-8A9E1AE80BF7}.Release|Any CPU.Build.0 = Release|Any CPU
	EndGlobalSection
	GlobalSection(SolutionProperties) = preSolution
		HideSolutionNode = FALSE
	EndGlobalSection
	GlobalSection(ExtensibilityGlobals) = postSolution
		SolutionGuid = {A0E20B33-30BA-45B1-8FD3-7493FBDB3F19}
	EndGlobalSection
EndGlobal
